// !$*UTF8*$!
{
	archiveVersion = 1;
	classes = {
	};
	objectVersion = 56;
	objects = {

/* Begin PBXBuildFile section */
		8022B1B62B7A6C4000D04163 /* Mutex.cpp in Sources */ = {isa = PBXBuildFile; fileRef = 8022B1B42B7A6C4000D04163 /* Mutex.cpp */; };
		8022B1B92B7A6E0A00D04163 /* Lock.cpp in Sources */ = {isa = PBXBuildFile; fileRef = 8022B1B72B7A6E0A00D04163 /* Lock.cpp */; };
		8022B1BC2B7A7DBB00D04163 /* Deadlock.cpp in Sources */ = {isa = PBXBuildFile; fileRef = 8022B1BA2B7A7DBB00D04163 /* Deadlock.cpp */; };
		807AC64F2C13293500EA3D0E /* Promise_Future.cpp in Sources */ = {isa = PBXBuildFile; fileRef = 807AC64D2C13293500EA3D0E /* Promise_Future.cpp */; };
		807AC66E2C1397F200EA3D0E /* Coroutine.cpp in Sources */ = {isa = PBXBuildFile; fileRef = 807AC6682C1397F100EA3D0E /* Coroutine.cpp */; };
		807AC6732C14468F00EA3D0E /* Semaphore.cpp in Sources */ = {isa = PBXBuildFile; fileRef = 807AC6712C14468F00EA3D0E /* Semaphore.cpp */; };
		807AC67F2C14ECB800EA3D0E /* Latch_Barrier.cpp in Sources */ = {isa = PBXBuildFile; fileRef = 807AC67E2C14ECB700EA3D0E /* Latch_Barrier.cpp */; };
		8094D1D72B7E39D600ED7423 /* Condition_Variable.cpp in Sources */ = {isa = PBXBuildFile; fileRef = 8094D1D52B7E39D600ED7423 /* Condition_Variable.cpp */; };
		8094D1F52B83E81300ED7423 /* Atomic.cpp in Sources */ = {isa = PBXBuildFile; fileRef = 8094D1F32B83E81300ED7423 /* Atomic.cpp */; };
		80EC04AD2B793A2F0039AA2A /* main.cpp in Sources */ = {isa = PBXBuildFile; fileRef = 80EC04AC2B793A2F0039AA2A /* main.cpp */; };
/* End PBXBuildFile section */

/* Begin PBXCopyFilesBuildPhase section */
		80EC04852B6F9C2F0039AA2A /* CopyFiles */ = {
			isa = PBXCopyFilesBuildPhase;
			buildActionMask = 2147483647;
			dstPath = /usr/share/man/man1/;
			dstSubfolderSpec = 0;
			files = (
			);
			runOnlyForDeploymentPostprocessing = 1;
		};
/* End PBXCopyFilesBuildPhase section */

/* Begin PBXFileReference section */
		8022B1B42B7A6C4000D04163 /* Mutex.cpp */ = {isa = PBXFileReference; lastKnownFileType = sourcecode.cpp.cpp; path = Mutex.cpp; sourceTree = "<group>"; };
		8022B1B52B7A6C4000D04163 /* Mutex.hpp */ = {isa = PBXFileReference; lastKnownFileType = sourcecode.cpp.h; path = Mutex.hpp; sourceTree = "<group>"; };
		8022B1B72B7A6E0A00D04163 /* Lock.cpp */ = {isa = PBXFileReference; lastKnownFileType = sourcecode.cpp.cpp; path = Lock.cpp; sourceTree = "<group>"; };
		8022B1B82B7A6E0A00D04163 /* Lock.hpp */ = {isa = PBXFileReference; lastKnownFileType = sourcecode.cpp.h; path = Lock.hpp; sourceTree = "<group>"; };
		8022B1BA2B7A7DBB00D04163 /* Deadlock.cpp */ = {isa = PBXFileReference; lastKnownFileType = sourcecode.cpp.cpp; path = Deadlock.cpp; sourceTree = "<group>"; };
		8022B1BB2B7A7DBB00D04163 /* Deadlock.hpp */ = {isa = PBXFileReference; lastKnownFileType = sourcecode.cpp.h; path = Deadlock.hpp; sourceTree = "<group>"; };
		8022B1BD2B7A836700D04163 /* shared_recursive_mutex.h */ = {isa = PBXFileReference; fileEncoding = 4; lastKnownFileType = sourcecode.c.h; path = shared_recursive_mutex.h; sourceTree = "<group>"; };
		807AC64D2C13293500EA3D0E /* Promise_Future.cpp */ = {isa = PBXFileReference; lastKnownFileType = sourcecode.cpp.cpp; path = Promise_Future.cpp; sourceTree = "<group>"; };
		807AC64E2C13293500EA3D0E /* Promise_Future.hpp */ = {isa = PBXFileReference; lastKnownFileType = sourcecode.cpp.h; path = Promise_Future.hpp; sourceTree = "<group>"; };
		807AC6682C1397F100EA3D0E /* Coroutine.cpp */ = {isa = PBXFileReference; fileEncoding = 4; lastKnownFileType = sourcecode.cpp.cpp; path = Coroutine.cpp; sourceTree = "<group>"; };
		807AC66C2C1397F200EA3D0E /* Coroutine.hpp */ = {isa = PBXFileReference; fileEncoding = 4; lastKnownFileType = sourcecode.cpp.h; path = Coroutine.hpp; sourceTree = "<group>"; };
		807AC6712C14468F00EA3D0E /* Semaphore.cpp */ = {isa = PBXFileReference; lastKnownFileType = sourcecode.cpp.cpp; path = Semaphore.cpp; sourceTree = "<group>"; };
		807AC6722C14468F00EA3D0E /* Semaphore.hpp */ = {isa = PBXFileReference; lastKnownFileType = sourcecode.cpp.h; path = Semaphore.hpp; sourceTree = "<group>"; };
		807AC67D2C14ECB700EA3D0E /* Latch_Barrier.hpp */ = {isa = PBXFileReference; fileEncoding = 4; lastKnownFileType = sourcecode.cpp.h; path = Latch_Barrier.hpp; sourceTree = "<group>"; };
		807AC67E2C14ECB700EA3D0E /* Latch_Barrier.cpp */ = {isa = PBXFileReference; fileEncoding = 4; lastKnownFileType = sourcecode.cpp.cpp; path = Latch_Barrier.cpp; sourceTree = "<group>"; };
		8094D1D42B7D2A3F00ED7423 /* Queue.h */ = {isa = PBXFileReference; lastKnownFileType = sourcecode.c.h; path = Queue.h; sourceTree = "<group>"; };
		8094D1D52B7E39D600ED7423 /* Condition_Variable.cpp */ = {isa = PBXFileReference; lastKnownFileType = sourcecode.cpp.cpp; path = Condition_Variable.cpp; sourceTree = "<group>"; };
		8094D1D62B7E39D600ED7423 /* Condition_Variable.hpp */ = {isa = PBXFileReference; lastKnownFileType = sourcecode.cpp.h; path = Condition_Variable.hpp; sourceTree = "<group>"; };
		8094D1D82B833BE100ED7423 /* Singleton.h */ = {isa = PBXFileReference; lastKnownFileType = sourcecode.c.h; path = Singleton.h; sourceTree = "<group>"; };
		8094D1F32B83E81300ED7423 /* Atomic.cpp */ = {isa = PBXFileReference; lastKnownFileType = sourcecode.cpp.cpp; path = Atomic.cpp; sourceTree = "<group>"; };
		8094D1F42B83E81300ED7423 /* Atomic.hpp */ = {isa = PBXFileReference; lastKnownFileType = sourcecode.cpp.h; path = Atomic.hpp; sourceTree = "<group>"; };
		80EC04872B6F9C2F0039AA2A /* Threads */ = {isa = PBXFileReference; explicitFileType = "compiled.mach-o.executable"; includeInIndex = 0; path = Threads; sourceTree = BUILT_PRODUCTS_DIR; };
		80EC04912B6F9EDD0039AA2A /* Timer.h */ = {isa = PBXFileReference; fileEncoding = 4; lastKnownFileType = sourcecode.c.h; path = Timer.h; sourceTree = "<group>"; };
		80EC04AC2B793A2F0039AA2A /* main.cpp */ = {isa = PBXFileReference; fileEncoding = 4; lastKnownFileType = sourcecode.cpp.cpp; path = main.cpp; sourceTree = "<group>"; };
/* End PBXFileReference section */

/* Begin PBXFrameworksBuildPhase section */
		80EC04842B6F9C2F0039AA2A /* Frameworks */ = {
			isa = PBXFrameworksBuildPhase;
			buildActionMask = 2147483647;
			files = (
			);
			runOnlyForDeploymentPostprocessing = 0;
		};
/* End PBXFrameworksBuildPhase section */

/* Begin PBXGroup section */
		80EC047E2B6F9C2F0039AA2A = {
			isa = PBXGroup;
			children = (
				80EC04892B6F9C2F0039AA2A /* Threads */,
				80EC04882B6F9C2F0039AA2A /* Products */,
			);
			sourceTree = "<group>";
		};
		80EC04882B6F9C2F0039AA2A /* Products */ = {
			isa = PBXGroup;
			children = (
				80EC04872B6F9C2F0039AA2A /* Threads */,
			);
			name = Products;
			sourceTree = "<group>";
		};
		80EC04892B6F9C2F0039AA2A /* Threads */ = {
			isa = PBXGroup;
			children = (
				8022B1BD2B7A836700D04163 /* shared_recursive_mutex.h */,
				80EC04912B6F9EDD0039AA2A /* Timer.h */,
				8022B1B52B7A6C4000D04163 /* Mutex.hpp */,
				8022B1B42B7A6C4000D04163 /* Mutex.cpp */,
				8022B1B82B7A6E0A00D04163 /* Lock.hpp */,
				8022B1B72B7A6E0A00D04163 /* Lock.cpp */,
				8022B1BB2B7A7DBB00D04163 /* Deadlock.hpp */,
				8022B1BA2B7A7DBB00D04163 /* Deadlock.cpp */,
				8094D1D62B7E39D600ED7423 /* Condition_Variable.hpp */,
				8094D1D52B7E39D600ED7423 /* Condition_Variable.cpp */,
				8094D1D82B833BE100ED7423 /* Singleton.h */,
				8094D1F42B83E81300ED7423 /* Atomic.hpp */,
				8094D1F32B83E81300ED7423 /* Atomic.cpp */,
				807AC64E2C13293500EA3D0E /* Promise_Future.hpp */,
				807AC64D2C13293500EA3D0E /* Promise_Future.cpp */,
				807AC6722C14468F00EA3D0E /* Semaphore.hpp */,
				807AC6712C14468F00EA3D0E /* Semaphore.cpp */,
				807AC67D2C14ECB700EA3D0E /* Latch_Barrier.hpp */,
				807AC67E2C14ECB700EA3D0E /* Latch_Barrier.cpp */,
				807AC66C2C1397F200EA3D0E /* Coroutine.hpp */,
				807AC6682C1397F100EA3D0E /* Coroutine.cpp */,
				8094D1D42B7D2A3F00ED7423 /* Queue.h */,
				80EC04AC2B793A2F0039AA2A /* main.cpp */,
			);
			path = Threads;
			sourceTree = "<group>";
		};
/* End PBXGroup section */

/* Begin PBXNativeTarget section */
		80EC04862B6F9C2F0039AA2A /* Threads */ = {
			isa = PBXNativeTarget;
			buildConfigurationList = 80EC048E2B6F9C2F0039AA2A /* Build configuration list for PBXNativeTarget "Threads" */;
			buildPhases = (
				80EC04832B6F9C2F0039AA2A /* Sources */,
				80EC04842B6F9C2F0039AA2A /* Frameworks */,
				80EC04852B6F9C2F0039AA2A /* CopyFiles */,
			);
			buildRules = (
			);
			dependencies = (
			);
			name = Threads;
			productName = Threads;
			productReference = 80EC04872B6F9C2F0039AA2A /* Threads */;
			productType = "com.apple.product-type.tool";
		};
/* End PBXNativeTarget section */

/* Begin PBXProject section */
		80EC047F2B6F9C2F0039AA2A /* Project object */ = {
			isa = PBXProject;
			attributes = {
				BuildIndependentTargetsInParallel = 1;
				LastUpgradeCheck = 1540;
				TargetAttributes = {
					80EC04862B6F9C2F0039AA2A = {
						CreatedOnToolsVersion = 14.3.1;
					};
				};
			};
			buildConfigurationList = 80EC04822B6F9C2F0039AA2A /* Build configuration list for PBXProject "Threads" */;
			compatibilityVersion = "Xcode 14.0";
			developmentRegion = en;
			hasScannedForEncodings = 0;
			knownRegions = (
				en,
				Base,
			);
			mainGroup = 80EC047E2B6F9C2F0039AA2A;
			productRefGroup = 80EC04882B6F9C2F0039AA2A /* Products */;
			projectDirPath = "";
			projectRoot = "";
			targets = (
				80EC04862B6F9C2F0039AA2A /* Threads */,
			);
		};
/* End PBXProject section */

/* Begin PBXSourcesBuildPhase section */
		80EC04832B6F9C2F0039AA2A /* Sources */ = {
			isa = PBXSourcesBuildPhase;
			buildActionMask = 2147483647;
			files = (
				807AC66E2C1397F200EA3D0E /* Coroutine.cpp in Sources */,
				807AC64F2C13293500EA3D0E /* Promise_Future.cpp in Sources */,
				8094D1D72B7E39D600ED7423 /* Condition_Variable.cpp in Sources */,
				8022B1BC2B7A7DBB00D04163 /* Deadlock.cpp in Sources */,
				8094D1F52B83E81300ED7423 /* Atomic.cpp in Sources */,
				8022B1B92B7A6E0A00D04163 /* Lock.cpp in Sources */,
				80EC04AD2B793A2F0039AA2A /* main.cpp in Sources */,
				8022B1B62B7A6C4000D04163 /* Mutex.cpp in Sources */,
				807AC6732C14468F00EA3D0E /* Semaphore.cpp in Sources */,
				807AC67F2C14ECB800EA3D0E /* Latch_Barrier.cpp in Sources */,
			);
			runOnlyForDeploymentPostprocessing = 0;
		};
/* End PBXSourcesBuildPhase section */

/* Begin XCBuildConfiguration section */
		80EC048C2B6F9C2F0039AA2A /* Debug */ = {
			isa = XCBuildConfiguration;
			buildSettings = {
				ALWAYS_SEARCH_USER_PATHS = NO;
				CLANG_ANALYZER_NONNULL = YES;
				CLANG_ANALYZER_NUMBER_OBJECT_CONVERSION = YES_AGGRESSIVE;
				CLANG_CXX_LANGUAGE_STANDARD = "gnu++23";
				CLANG_ENABLE_MODULES = YES;
				CLANG_ENABLE_OBJC_ARC = YES;
				CLANG_ENABLE_OBJC_WEAK = YES;
				CLANG_WARN_BLOCK_CAPTURE_AUTORELEASING = YES;
				CLANG_WARN_BOOL_CONVERSION = YES;
				CLANG_WARN_COMMA = YES;
				CLANG_WARN_CONSTANT_CONVERSION = YES;
				CLANG_WARN_DEPRECATED_OBJC_IMPLEMENTATIONS = YES;
				CLANG_WARN_DIRECT_OBJC_ISA_USAGE = YES_ERROR;
				CLANG_WARN_DOCUMENTATION_COMMENTS = YES;
				CLANG_WARN_EMPTY_BODY = YES;
				CLANG_WARN_ENUM_CONVERSION = YES;
				CLANG_WARN_INFINITE_RECURSION = YES;
				CLANG_WARN_INT_CONVERSION = YES;
				CLANG_WARN_NON_LITERAL_NULL_CONVERSION = YES;
				CLANG_WARN_OBJC_IMPLICIT_RETAIN_SELF = YES;
				CLANG_WARN_OBJC_LITERAL_CONVERSION = YES;
				CLANG_WARN_OBJC_ROOT_CLASS = YES_ERROR;
				CLANG_WARN_QUOTED_INCLUDE_IN_FRAMEWORK_HEADER = YES;
				CLANG_WARN_RANGE_LOOP_ANALYSIS = YES;
				CLANG_WARN_STRICT_PROTOTYPES = YES;
				CLANG_WARN_SUSPICIOUS_MOVE = YES;
				CLANG_WARN_UNGUARDED_AVAILABILITY = YES_AGGRESSIVE;
				CLANG_WARN_UNREACHABLE_CODE = YES;
				CLANG_WARN__DUPLICATE_METHOD_MATCH = YES;
				COPY_PHASE_STRIP = NO;
				DEAD_CODE_STRIPPING = YES;
				DEBUG_INFORMATION_FORMAT = dwarf;
				ENABLE_STRICT_OBJC_MSGSEND = YES;
				ENABLE_TESTABILITY = YES;
				ENABLE_USER_SCRIPT_SANDBOXING = YES;
				GCC_C_LANGUAGE_STANDARD = gnu17;
				GCC_DYNAMIC_NO_PIC = NO;
				GCC_NO_COMMON_BLOCKS = YES;
				GCC_OPTIMIZATION_LEVEL = 0;
				GCC_PREPROCESSOR_DEFINITIONS = (
					"DEBUG=1",
					"$(inherited)",
				);
				GCC_WARN_64_TO_32_BIT_CONVERSION = YES;
				GCC_WARN_ABOUT_RETURN_TYPE = YES_ERROR;
				GCC_WARN_UNDECLARED_SELECTOR = YES;
				GCC_WARN_UNINITIALIZED_AUTOS = YES_AGGRESSIVE;
				GCC_WARN_UNUSED_FUNCTION = YES;
				GCC_WARN_UNUSED_VARIABLE = YES;
				HEADER_SEARCH_PATHS = "";
				MACOSX_DEPLOYMENT_TARGET = 14.4;
				MTL_ENABLE_DEBUG_INFO = INCLUDE_SOURCE;
				MTL_FAST_MATH = YES;
				ONLY_ACTIVE_ARCH = YES;
				SDKROOT = macosx;
			};
			name = Debug;
		};
		80EC048D2B6F9C2F0039AA2A /* Release */ = {
			isa = XCBuildConfiguration;
			buildSettings = {
				ALWAYS_SEARCH_USER_PATHS = NO;
				CLANG_ANALYZER_NONNULL = YES;
				CLANG_ANALYZER_NUMBER_OBJECT_CONVERSION = YES_AGGRESSIVE;
				CLANG_CXX_LANGUAGE_STANDARD = "gnu++23";
				CLANG_ENABLE_MODULES = YES;
				CLANG_ENABLE_OBJC_ARC = YES;
				CLANG_ENABLE_OBJC_WEAK = YES;
				CLANG_WARN_BLOCK_CAPTURE_AUTORELEASING = YES;
				CLANG_WARN_BOOL_CONVERSION = YES;
				CLANG_WARN_COMMA = YES;
				CLANG_WARN_CONSTANT_CONVERSION = YES;
				CLANG_WARN_DEPRECATED_OBJC_IMPLEMENTATIONS = YES;
				CLANG_WARN_DIRECT_OBJC_ISA_USAGE = YES_ERROR;
				CLANG_WARN_DOCUMENTATION_COMMENTS = YES;
				CLANG_WARN_EMPTY_BODY = YES;
				CLANG_WARN_ENUM_CONVERSION = YES;
				CLANG_WARN_INFINITE_RECURSION = YES;
				CLANG_WARN_INT_CONVERSION = YES;
				CLANG_WARN_NON_LITERAL_NULL_CONVERSION = YES;
				CLANG_WARN_OBJC_IMPLICIT_RETAIN_SELF = YES;
				CLANG_WARN_OBJC_LITERAL_CONVERSION = YES;
				CLANG_WARN_OBJC_ROOT_CLASS = YES_ERROR;
				CLANG_WARN_QUOTED_INCLUDE_IN_FRAMEWORK_HEADER = YES;
				CLANG_WARN_RANGE_LOOP_ANALYSIS = YES;
				CLANG_WARN_STRICT_PROTOTYPES = YES;
				CLANG_WARN_SUSPICIOUS_MOVE = YES;
				CLANG_WARN_UNGUARDED_AVAILABILITY = YES_AGGRESSIVE;
				CLANG_WARN_UNREACHABLE_CODE = YES;
				CLANG_WARN__DUPLICATE_METHOD_MATCH = YES;
				COPY_PHASE_STRIP = NO;
				DEAD_CODE_STRIPPING = YES;
				DEBUG_INFORMATION_FORMAT = "dwarf-with-dsym";
				ENABLE_NS_ASSERTIONS = NO;
				ENABLE_STRICT_OBJC_MSGSEND = YES;
				ENABLE_USER_SCRIPT_SANDBOXING = YES;
				GCC_C_LANGUAGE_STANDARD = gnu17;
				GCC_NO_COMMON_BLOCKS = YES;
				GCC_WARN_64_TO_32_BIT_CONVERSION = YES;
				GCC_WARN_ABOUT_RETURN_TYPE = YES_ERROR;
				GCC_WARN_UNDECLARED_SELECTOR = YES;
				GCC_WARN_UNINITIALIZED_AUTOS = YES_AGGRESSIVE;
				GCC_WARN_UNUSED_FUNCTION = YES;
				GCC_WARN_UNUSED_VARIABLE = YES;
				HEADER_SEARCH_PATHS = "";
				MACOSX_DEPLOYMENT_TARGET = 14.4;
				MTL_ENABLE_DEBUG_INFO = NO;
				MTL_FAST_MATH = YES;
				SDKROOT = macosx;
			};
			name = Release;
		};
		80EC048F2B6F9C2F0039AA2A /* Debug */ = {
			isa = XCBuildConfiguration;
			buildSettings = {
				CLANG_CXX_LANGUAGE_STANDARD = "gnu++23";
				CODE_SIGN_STYLE = Automatic;
				DEAD_CODE_STRIPPING = YES;
				GCC_C_LANGUAGE_STANDARD = gnu17;
				HEADER_SEARCH_PATHS = /opt/homebrew/include;
				LIBRARY_SEARCH_PATHS = /opt/homebrew/lib;
				MACOSX_DEPLOYMENT_TARGET = 14.3;
				OTHER_LDFLAGS = (
					"-lboost_filesystem",
					"-lboost_system",
				);
				PRODUCT_NAME = "$(TARGET_NAME)";
			};
			name = Debug;
		};
		80EC04902B6F9C2F0039AA2A /* Release */ = {
			isa = XCBuildConfiguration;
			buildSettings = {
				CLANG_CXX_LANGUAGE_STANDARD = "gnu++23";
				CODE_SIGN_STYLE = Automatic;
				DEAD_CODE_STRIPPING = YES;
				GCC_C_LANGUAGE_STANDARD = gnu17;
				HEADER_SEARCH_PATHS = /opt/homebrew/include;
				LIBRARY_SEARCH_PATHS = /opt/homebrew/lib;
				MACOSX_DEPLOYMENT_TARGET = 14.3;
				OTHER_LDFLAGS = (
					"-lboost_filesystem",
					"-lboost_system",
				);
				PRODUCT_NAME = "$(TARGET_NAME)";
			};
			name = Release;
		};
/* End XCBuildConfiguration section */

/* Begin XCConfigurationList section */
		80EC04822B6F9C2F0039AA2A /* Build configuration list for PBXProject "Threads" */ = {
			isa = XCConfigurationList;
			buildConfigurations = (
				80EC048C2B6F9C2F0039AA2A /* Debug */,
				80EC048D2B6F9C2F0039AA2A /* Release */,
			);
			defaultConfigurationIsVisible = 0;
			defaultConfigurationName = Release;
		};
		80EC048E2B6F9C2F0039AA2A /* Build configuration list for PBXNativeTarget "Threads" */ = {
			isa = XCConfigurationList;
			buildConfigurations = (
				80EC048F2B6F9C2F0039AA2A /* Debug */,
				80EC04902B6F9C2F0039AA2A /* Release */,
			);
			defaultConfigurationIsVisible = 0;
			defaultConfigurationName = Release;
		};
/* End XCConfigurationList section */
	};
	rootObject = 80EC047F2B6F9C2F0039AA2A /* Project object */;
}
